
Microsoft Visual Studio Solution File, Format Version 12.00
# Visual Studio Version 17
VisualStudioVersion = 17.0.31903.59
MinimumVisualStudioVersion = 10.0.40219.1
Project("{2150E333-8FDC-42A3-9474-1A3956D46DE8}") = "src", "src", "{827E0CD3-B72D-47B6-A68D-7590B98EB39B}"
EndProject
Project("{FAE04EC0-301F-11D3-BF4B-00C04F79EFBC}") = "Sparovia.Domain", "src\Sparovia.Domain\Sparovia.Domain.csproj", "{59C19A6C-31F0-4665-B6D1-40657E2D205C}"
EndProject
Project("{FAE04EC0-301F-11D3-BF4B-00C04F79EFBC}") = "Sparovia.Application", "src\Sparovia.Application\Sparovia.Application.csproj", "{57452705-B304-4CE8-ABBF-E3DFE711A995}"
EndProject
Project("{FAE04EC0-301F-11D3-BF4B-00C04F79EFBC}") = "Sparovia.Infrastructure", "src\Sparovia.Infrastructure\Sparovia.Infrastructure.csproj", "{0D459DC0-BECF-445B-984D-D2E68A9A8AD1}"
EndProject
Project("{FAE04EC0-301F-11D3-BF4B-00C04F79EFBC}") = "Sparovia.API", "src\Sparovia.API\Sparovia.API.csproj", "{514C4322-D0CF-44FF-8F75-795F9D2A6468}"
EndProject
Project("{2150E333-8FDC-42A3-9474-1A3956D46DE8}") = "tests", "tests", "{0AB3BF05-4346-4AA6-1389-037BE0695223}"
EndProject
Project("{FAE04EC0-301F-11D3-BF4B-00C04F79EFBC}") = "Sparovia.UnitTests", "tests\Sparovia.UnitTests\Sparovia.UnitTests.csproj", "{96E34C0F-DA30-4F26-A3D0-67C40CB99D4F}"
EndProject
Project("{FAE04EC0-301F-11D3-BF4B-00C04F79EFBC}") = "Sparovia.IntegrationTests", "tests\Sparovia.IntegrationTests\Sparovia.IntegrationTests.csproj", "{9A79AA6B-E0A0-4464-A500-892B10F073E1}"
EndProject
Global
	GlobalSection(SolutionConfigurationPlatforms) = preSolution
		Debug|Any CPU = Debug|Any CPU
		Debug|x64 = Debug|x64
		Debug|x86 = Debug|x86
		Release|Any CPU = Release|Any CPU
		Release|x64 = Release|x64
		Release|x86 = Release|x86
	EndGlobalSection
	GlobalSection(ProjectConfigurationPlatforms) = postSolution
		{59C19A6C-31F0-4665-B6D1-40657E2D205C}.Debug|Any CPU.ActiveCfg = Debug|Any CPU
		{59C19A6C-31F0-4665-B6D1-40657E2D205C}.Debug|Any CPU.Build.0 = Debug|Any CPU
		{59C19A6C-31F0-4665-B6D1-40657E2D205C}.Debug|x64.ActiveCfg = Debug|Any CPU
		{59C19A6C-31F0-4665-B6D1-40657E2D205C}.Debug|x64.Build.0 = Debug|Any CPU
		{59C19A6C-31F0-4665-B6D1-40657E2D205C}.Debug|x86.ActiveCfg = Debug|Any CPU
		{59C19A6C-31F0-4665-B6D1-40657E2D205C}.Debug|x86.Build.0 = Debug|Any CPU
		{59C19A6C-31F0-4665-B6D1-40657E2D205C}.Release|Any CPU.ActiveCfg = Release|Any CPU
		{59C19A6C-31F0-4665-B6D1-40657E2D205C}.Release|Any CPU.Build.0 = Release|Any CPU
		{59C19A6C-31F0-4665-B6D1-40657E2D205C}.Release|x64.ActiveCfg = Release|Any CPU
		{59C19A6C-31F0-4665-B6D1-40657E2D205C}.Release|x64.Build.0 = Release|Any CPU
		{59C19A6C-31F0-4665-B6D1-40657E2D205C}.Release|x86.ActiveCfg = Release|Any CPU
		{59C19A6C-31F0-4665-B6D1-40657E2D205C}.Release|x86.Build.0 = Release|Any CPU
		{57452705-B304-4CE8-ABBF-E3DFE711A995}.Debug|Any CPU.ActiveCfg = Debug|Any CPU
		{57452705-B304-4CE8-ABBF-E3DFE711A995}.Debug|Any CPU.Build.0 = Debug|Any CPU
		{57452705-B304-4CE8-ABBF-E3DFE711A995}.Debug|x64.ActiveCfg = Debug|Any CPU
		{57452705-B304-4CE8-ABBF-E3DFE711A995}.Debug|x64.Build.0 = Debug|Any CPU
		{57452705-B304-4CE8-ABBF-E3DFE711A995}.Debug|x86.ActiveCfg = Debug|Any CPU
		{57452705-B304-4CE8-ABBF-E3DFE711A995}.Debug|x86.Build.0 = Debug|Any CPU
		{57452705-B304-4CE8-ABBF-E3DFE711A995}.Release|Any CPU.ActiveCfg = Release|Any CPU
		{57452705-B304-4CE8-ABBF-E3DFE711A995}.Release|Any CPU.Build.0 = Release|Any CPU
		{57452705-B304-4CE8-ABBF-E3DFE711A995}.Release|x64.ActiveCfg = Release|Any CPU
		{57452705-B304-4CE8-ABBF-E3DFE711A995}.Release|x64.Build.0 = Release|Any CPU
		{57452705-B304-4CE8-ABBF-E3DFE711A995}.Release|x86.ActiveCfg = Release|Any CPU
		{57452705-B304-4CE8-ABBF-E3DFE711A995}.Release|x86.Build.0 = Release|Any CPU
		{0D459DC0-BECF-445B-984D-D2E68A9A8AD1}.Debug|Any CPU.ActiveCfg = Debug|Any CPU
		{0D459DC0-BECF-445B-984D-D2E68A9A8AD1}.Debug|Any CPU.Build.0 = Debug|Any CPU
		{0D459DC0-BECF-445B-984D-D2E68A9A8AD1}.Debug|x64.ActiveCfg = Debug|Any CPU
		{0D459DC0-BECF-445B-984D-D2E68A9A8AD1}.Debug|x64.Build.0 = Debug|Any CPU
		{0D459DC0-BECF-445B-984D-D2E68A9A8AD1}.Debug|x86.ActiveCfg = Debug|Any CPU
		{0D459DC0-BECF-445B-984D-D2E68A9A8AD1}.Debug|x86.Build.0 = Debug|Any CPU
		{0D459DC0-BECF-445B-984D-D2E68A9A8AD1}.Release|Any CPU.ActiveCfg = Release|Any CPU
		{0D459DC0-BECF-445B-984D-D2E68A9A8AD1}.Release|Any CPU.Build.0 = Release|Any CPU
		{0D459DC0-BECF-445B-984D-D2E68A9A8AD1}.Release|x64.ActiveCfg = Release|Any CPU
		{0D459DC0-BECF-445B-984D-D2E68A9A8AD1}.Release|x64.Build.0 = Release|Any CPU
		{0D459DC0-BECF-445B-984D-D2E68A9A8AD1}.Release|x86.ActiveCfg = Release|Any CPU
		{0D459DC0-BECF-445B-984D-D2E68A9A8AD1}.Release|x86.Build.0 = Release|Any CPU
		{514C4322-D0CF-44FF-8F75-795F9D2A6468}.Debug|Any CPU.ActiveCfg = Debug|Any CPU
		{514C4322-D0CF-44FF-8F75-795F9D2A6468}.Debug|Any CPU.Build.0 = Debug|Any CPU
		{514C4322-D0CF-44FF-8F75-795F9D2A6468}.Debug|x64.ActiveCfg = Debug|Any CPU
		{514C4322-D0CF-44FF-8F75-795F9D2A6468}.Debug|x64.Build.0 = Debug|Any CPU
		{514C4322-D0CF-44FF-8F75-795F9D2A6468}.Debug|x86.ActiveCfg = Debug|Any CPU
		{514C4322-D0CF-44FF-8F75-795F9D2A6468}.Debug|x86.Build.0 = Debug|Any CPU
		{514C4322-D0CF-44FF-8F75-795F9D2A6468}.Release|Any CPU.ActiveCfg = Release|Any CPU
		{514C4322-D0CF-44FF-8F75-795F9D2A6468}.Release|Any CPU.Build.0 = Release|Any CPU
		{514C4322-D0CF-44FF-8F75-795F9D2A6468}.Release|x64.ActiveCfg = Release|Any CPU
		{514C4322-D0CF-44FF-8F75-795F9D2A6468}.Release|x64.Build.0 = Release|Any CPU
		{514C4322-D0CF-44FF-8F75-795F9D2A6468}.Release|x86.ActiveCfg = Release|Any CPU
		{514C4322-D0CF-44FF-8F75-795F9D2A6468}.Release|x86.Build.0 = Release|Any CPU
		{96E34C0F-DA30-4F26-A3D0-67C40CB99D4F}.Debug|Any CPU.ActiveCfg = Debug|Any CPU
		{96E34C0F-DA30-4F26-A3D0-67C40CB99D4F}.Debug|Any CPU.Build.0 = Debug|Any CPU
		{96E34C0F-DA30-4F26-A3D0-67C40CB99D4F}.Debug|x64.ActiveCfg = Debug|Any CPU
		{96E34C0F-DA30-4F26-A3D0-67C40CB99D4F}.Debug|x64.Build.0 = Debug|Any CPU
		{96E34C0F-DA30-4F26-A3D0-67C40CB99D4F}.Debug|x86.ActiveCfg = Debug|Any CPU
		{96E34C0F-DA30-4F26-A3D0-67C40CB99D4F}.Debug|x86.Build.0 = Debug|Any CPU
		{96E34C0F-DA30-4F26-A3D0-67C40CB99D4F}.Release|Any CPU.ActiveCfg = Release|Any CPU
		{96E34C0F-DA30-4F26-A3D0-67C40CB99D4F}.Release|Any CPU.Build.0 = Release|Any CPU
		{96E34C0F-DA30-4F26-A3D0-67C40CB99D4F}.Release|x64.ActiveCfg = Release|Any CPU
		{96E34C0F-DA30-4F26-A3D0-67C40CB99D4F}.Release|x64.Build.0 = Release|Any CPU
		{96E34C0F-DA30-4F26-A3D0-67C40CB99D4F}.Release|x86.ActiveCfg = Release|Any CPU
		{96E34C0F-DA30-4F26-A3D0-67C40CB99D4F}.Release|x86.Build.0 = Release|Any CPU
		{9A79AA6B-E0A0-4464-A500-892B10F073E1}.Debug|Any CPU.ActiveCfg = Debug|Any CPU
		{9A79AA6B-E0A0-4464-A500-892B10F073E1}.Debug|Any CPU.Build.0 = Debug|Any CPU
		{9A79AA6B-E0A0-4464-A500-892B10F073E1}.Debug|x64.ActiveCfg = Debug|Any CPU
		{9A79AA6B-E0A0-4464-A500-892B10F073E1}.Debug|x64.Build.0 = Debug|Any CPU
		{9A79AA6B-E0A0-4464-A500-892B10F073E1}.Debug|x86.ActiveCfg = Debug|Any CPU
		{9A79AA6B-E0A0-4464-A500-892B10F073E1}.Debug|x86.Build.0 = Debug|Any CPU
		{9A79AA6B-E0A0-4464-A500-892B10F073E1}.Release|Any CPU.ActiveCfg = Release|Any CPU
		{9A79AA6B-E0A0-4464-A500-892B10F073E1}.Release|Any CPU.Build.0 = Release|Any CPU
		{9A79AA6B-E0A0-4464-A500-892B10F073E1}.Release|x64.ActiveCfg = Release|Any CPU
		{9A79AA6B-E0A0-4464-A500-892B10F073E1}.Release|x64.Build.0 = Release|Any CPU
		{9A79AA6B-E0A0-4464-A500-892B10F073E1}.Release|x86.ActiveCfg = Release|Any CPU
		{9A79AA6B-E0A0-4464-A500-892B10F073E1}.Release|x86.Build.0 = Release|Any CPU
	EndGlobalSection
	GlobalSection(SolutionProperties) = preSolution
		HideSolutionNode = FALSE
	EndGlobalSection
	GlobalSection(NestedProjects) = preSolution
		{59C19A6C-31F0-4665-B6D1-40657E2D205C} = {827E0CD3-B72D-47B6-A68D-7590B98EB39B}
		{57452705-B304-4CE8-ABBF-E3DFE711A995} = {827E0CD3-B72D-47B6-A68D-7590B98EB39B}
		{0D459DC0-BECF-445B-984D-D2E68A9A8AD1} = {827E0CD3-B72D-47B6-A68D-7590B98EB39B}
		{514C4322-D0CF-44FF-8F75-795F9D2A6468} = {827E0CD3-B72D-47B6-A68D-7590B98EB39B}
		{96E34C0F-DA30-4F26-A3D0-67C40CB99D4F} = {0AB3BF05-4346-4AA6-1389-037BE0695223}
		{9A79AA6B-E0A0-4464-A500-892B10F073E1} = {0AB3BF05-4346-4AA6-1389-037BE0695223}
	EndGlobalSection
EndGlobal
