
Microsoft Visual Studio Solution File, Format Version 12.00
# Visual Studio Version 17
VisualStudioVersion = 17.0.31903.59
MinimumVisualStudioVersion = 10.0.40219.1
Project("{FAE04EC0-301F-11D3-BF4B-00C04F79EFBC}") = "Sparovia.Domain", "Sparovia.Domain\Sparovia.Domain.csproj", "{D08A148A-5305-4D5F-9E51-2596DD3CC7E2}"
EndProject
Project("{FAE04EC0-301F-11D3-BF4B-00C04F79EFBC}") = "Sparovia.Application", "Sparovia.Application\Sparovia.Application.csproj", "{B0686632-E492-4C48-A789-043F900D9EA3}"
EndProject
Project("{FAE04EC0-301F-11D3-BF4B-00C04F79EFBC}") = "Sparovia.Infrastructure", "Sparovia.Infrastructure\Sparovia.Infrastructure.csproj", "{E65922F8-738E-421E-9511-5BC4F47F17F1}"
EndProject
Project("{FAE04EC0-301F-11D3-BF4B-00C04F79EFBC}") = "Sparovia.API", "Sparovia.API\Sparovia.API.csproj", "{E380F002-ADE7-4852-BC5A-6B3EDE841EFF}"
EndProject
Project("{FAE04EC0-301F-11D3-BF4B-00C04F79EFBC}") = "Sparovia.UnitTests", "Sparovia.UnitTests\Sparovia.UnitTests.csproj", "{2A1C1857-A647-4863-8303-EC8D90603ADF}"
EndProject
Project("{FAE04EC0-301F-11D3-BF4B-00C04F79EFBC}") = "Sparovia.IntegrationTests", "Sparovia.IntegrationTests\Sparovia.IntegrationTests.csproj", "{4038A779-213B-4391-AEB1-EDA187E81622}"
EndProject
Global
	GlobalSection(SolutionConfigurationPlatforms) = preSolution
		Debug|Any CPU = Debug|Any CPU
		Debug|x64 = Debug|x64
		Debug|x86 = Debug|x86
		Release|Any CPU = Release|Any CPU
		Release|x64 = Release|x64
		Release|x86 = Release|x86
	EndGlobalSection
	GlobalSection(ProjectConfigurationPlatforms) = postSolution
		{D08A148A-5305-4D5F-9E51-2596DD3CC7E2}.Debug|Any CPU.ActiveCfg = Debug|Any CPU
		{D08A148A-5305-4D5F-9E51-2596DD3CC7E2}.Debug|Any CPU.Build.0 = Debug|Any CPU
		{D08A148A-5305-4D5F-9E51-2596DD3CC7E2}.Debug|x64.ActiveCfg = Debug|Any CPU
		{D08A148A-5305-4D5F-9E51-2596DD3CC7E2}.Debug|x64.Build.0 = Debug|Any CPU
		{D08A148A-5305-4D5F-9E51-2596DD3CC7E2}.Debug|x86.ActiveCfg = Debug|Any CPU
		{D08A148A-5305-4D5F-9E51-2596DD3CC7E2}.Debug|x86.Build.0 = Debug|Any CPU
		{D08A148A-5305-4D5F-9E51-2596DD3CC7E2}.Release|Any CPU.ActiveCfg = Release|Any CPU
		{D08A148A-5305-4D5F-9E51-2596DD3CC7E2}.Release|Any CPU.Build.0 = Release|Any CPU
		{D08A148A-5305-4D5F-9E51-2596DD3CC7E2}.Release|x64.ActiveCfg = Release|Any CPU
		{D08A148A-5305-4D5F-9E51-2596DD3CC7E2}.Release|x64.Build.0 = Release|Any CPU
		{D08A148A-5305-4D5F-9E51-2596DD3CC7E2}.Release|x86.ActiveCfg = Release|Any CPU
		{D08A148A-5305-4D5F-9E51-2596DD3CC7E2}.Release|x86.Build.0 = Release|Any CPU
		{B0686632-E492-4C48-A789-043F900D9EA3}.Debug|Any CPU.ActiveCfg = Debug|Any CPU
		{B0686632-E492-4C48-A789-043F900D9EA3}.Debug|Any CPU.Build.0 = Debug|Any CPU
		{B0686632-E492-4C48-A789-043F900D9EA3}.Debug|x64.ActiveCfg = Debug|Any CPU
		{B0686632-E492-4C48-A789-043F900D9EA3}.Debug|x64.Build.0 = Debug|Any CPU
		{B0686632-E492-4C48-A789-043F900D9EA3}.Debug|x86.ActiveCfg = Debug|Any CPU
		{B0686632-E492-4C48-A789-043F900D9EA3}.Debug|x86.Build.0 = Debug|Any CPU
		{B0686632-E492-4C48-A789-043F900D9EA3}.Release|Any CPU.ActiveCfg = Release|Any CPU
		{B0686632-E492-4C48-A789-043F900D9EA3}.Release|Any CPU.Build.0 = Release|Any CPU
		{B0686632-E492-4C48-A789-043F900D9EA3}.Release|x64.ActiveCfg = Release|Any CPU
		{B0686632-E492-4C48-A789-043F900D9EA3}.Release|x64.Build.0 = Release|Any CPU
		{B0686632-E492-4C48-A789-043F900D9EA3}.Release|x86.ActiveCfg = Release|Any CPU
		{B0686632-E492-4C48-A789-043F900D9EA3}.Release|x86.Build.0 = Release|Any CPU
		{E65922F8-738E-421E-9511-5BC4F47F17F1}.Debug|Any CPU.ActiveCfg = Debug|Any CPU
		{E65922F8-738E-421E-9511-5BC4F47F17F1}.Debug|Any CPU.Build.0 = Debug|Any CPU
		{E65922F8-738E-421E-9511-5BC4F47F17F1}.Debug|x64.ActiveCfg = Debug|Any CPU
		{E65922F8-738E-421E-9511-5BC4F47F17F1}.Debug|x64.Build.0 = Debug|Any CPU
		{E65922F8-738E-421E-9511-5BC4F47F17F1}.Debug|x86.ActiveCfg = Debug|Any CPU
		{E65922F8-738E-421E-9511-5BC4F47F17F1}.Debug|x86.Build.0 = Debug|Any CPU
		{E65922F8-738E-421E-9511-5BC4F47F17F1}.Release|Any CPU.ActiveCfg = Release|Any CPU
		{E65922F8-738E-421E-9511-5BC4F47F17F1}.Release|Any CPU.Build.0 = Release|Any CPU
		{E65922F8-738E-421E-9511-5BC4F47F17F1}.Release|x64.ActiveCfg = Release|Any CPU
		{E65922F8-738E-421E-9511-5BC4F47F17F1}.Release|x64.Build.0 = Release|Any CPU
		{E65922F8-738E-421E-9511-5BC4F47F17F1}.Release|x86.ActiveCfg = Release|Any CPU
		{E65922F8-738E-421E-9511-5BC4F47F17F1}.Release|x86.Build.0 = Release|Any CPU
		{E380F002-ADE7-4852-BC5A-6B3EDE841EFF}.Debug|Any CPU.ActiveCfg = Debug|Any CPU
		{E380F002-ADE7-4852-BC5A-6B3EDE841EFF}.Debug|Any CPU.Build.0 = Debug|Any CPU
		{E380F002-ADE7-4852-BC5A-6B3EDE841EFF}.Debug|x64.ActiveCfg = Debug|Any CPU
		{E380F002-ADE7-4852-BC5A-6B3EDE841EFF}.Debug|x64.Build.0 = Debug|Any CPU
		{E380F002-ADE7-4852-BC5A-6B3EDE841EFF}.Debug|x86.ActiveCfg = Debug|Any CPU
		{E380F002-ADE7-4852-BC5A-6B3EDE841EFF}.Debug|x86.Build.0 = Debug|Any CPU
		{E380F002-ADE7-4852-BC5A-6B3EDE841EFF}.Release|Any CPU.ActiveCfg = Release|Any CPU
		{E380F002-ADE7-4852-BC5A-6B3EDE841EFF}.Release|Any CPU.Build.0 = Release|Any CPU
		{E380F002-ADE7-4852-BC5A-6B3EDE841EFF}.Release|x64.ActiveCfg = Release|Any CPU
		{E380F002-ADE7-4852-BC5A-6B3EDE841EFF}.Release|x64.Build.0 = Release|Any CPU
		{E380F002-ADE7-4852-BC5A-6B3EDE841EFF}.Release|x86.ActiveCfg = Release|Any CPU
		{E380F002-ADE7-4852-BC5A-6B3EDE841EFF}.Release|x86.Build.0 = Release|Any CPU
		{2A1C1857-A647-4863-8303-EC8D90603ADF}.Debug|Any CPU.ActiveCfg = Debug|Any CPU
		{2A1C1857-A647-4863-8303-EC8D90603ADF}.Debug|Any CPU.Build.0 = Debug|Any CPU
		{2A1C1857-A647-4863-8303-EC8D90603ADF}.Debug|x64.ActiveCfg = Debug|Any CPU
		{2A1C1857-A647-4863-8303-EC8D90603ADF}.Debug|x64.Build.0 = Debug|Any CPU
		{2A1C1857-A647-4863-8303-EC8D90603ADF}.Debug|x86.ActiveCfg = Debug|Any CPU
		{2A1C1857-A647-4863-8303-EC8D90603ADF}.Debug|x86.Build.0 = Debug|Any CPU
		{2A1C1857-A647-4863-8303-EC8D90603ADF}.Release|Any CPU.ActiveCfg = Release|Any CPU
		{2A1C1857-A647-4863-8303-EC8D90603ADF}.Release|Any CPU.Build.0 = Release|Any CPU
		{2A1C1857-A647-4863-8303-EC8D90603ADF}.Release|x64.ActiveCfg = Release|Any CPU
		{2A1C1857-A647-4863-8303-EC8D90603ADF}.Release|x64.Build.0 = Release|Any CPU
		{2A1C1857-A647-4863-8303-EC8D90603ADF}.Release|x86.ActiveCfg = Release|Any CPU
		{2A1C1857-A647-4863-8303-EC8D90603ADF}.Release|x86.Build.0 = Release|Any CPU
		{4038A779-213B-4391-AEB1-EDA187E81622}.Debug|Any CPU.ActiveCfg = Debug|Any CPU
		{4038A779-213B-4391-AEB1-EDA187E81622}.Debug|Any CPU.Build.0 = Debug|Any CPU
		{4038A779-213B-4391-AEB1-EDA187E81622}.Debug|x64.ActiveCfg = Debug|Any CPU
		{4038A779-213B-4391-AEB1-EDA187E81622}.Debug|x64.Build.0 = Debug|Any CPU
		{4038A779-213B-4391-AEB1-EDA187E81622}.Debug|x86.ActiveCfg = Debug|Any CPU
		{4038A779-213B-4391-AEB1-EDA187E81622}.Debug|x86.Build.0 = Debug|Any CPU
		{4038A779-213B-4391-AEB1-EDA187E81622}.Release|Any CPU.ActiveCfg = Release|Any CPU
		{4038A779-213B-4391-AEB1-EDA187E81622}.Release|Any CPU.Build.0 = Release|Any CPU
		{4038A779-213B-4391-AEB1-EDA187E81622}.Release|x64.ActiveCfg = Release|Any CPU
		{4038A779-213B-4391-AEB1-EDA187E81622}.Release|x64.Build.0 = Release|Any CPU
		{4038A779-213B-4391-AEB1-EDA187E81622}.Release|x86.ActiveCfg = Release|Any CPU
		{4038A779-213B-4391-AEB1-EDA187E81622}.Release|x86.Build.0 = Release|Any CPU
	EndGlobalSection
	GlobalSection(SolutionProperties) = preSolution
		HideSolutionNode = FALSE
	EndGlobalSection
EndGlobal
